// !$*UTF8*$!
{
	archiveVersion = 1;
	classes = {
	};
	objectVersion = 50;
	objects = {

/* Begin PBXBuildFile section */
		7F042C7D22D63299002BB7FA /* Service.swift in Sources */ = {isa = PBXBuildFile; fileRef = 7F042C7C22D63299002BB7FA /* Service.swift */; };
		7F218D8822E1D2E0001ECA57 /* News.swift in Sources */ = {isa = PBXBuildFile; fileRef = 7F218D8722E1D2E0001ECA57 /* News.swift */; };
		7F218D8A22E1D34E001ECA57 /* NewsList.swift in Sources */ = {isa = PBXBuildFile; fileRef = 7F218D8922E1D34E001ECA57 /* NewsList.swift */; };
		7F236DAB22DCA1060044BF84 /* LaunchViewController.swift in Sources */ = {isa = PBXBuildFile; fileRef = 7F236DA922DCA1060044BF84 /* LaunchViewController.swift */; };
		7F236DAC22DCA1060044BF84 /* LaunchViewController.xib in Resources */ = {isa = PBXBuildFile; fileRef = 7F236DAA22DCA1060044BF84 /* LaunchViewController.xib */; };
		7F33289C22C5789000DB0F4D /* Assets.xcassets in Resources */ = {isa = PBXBuildFile; fileRef = 7F33289B22C5789000DB0F4D /* Assets.xcassets */; };
		7F33289E22C5832D00DB0F4D /* WifiSetupViewController.swift in Sources */ = {isa = PBXBuildFile; fileRef = 7F33289D22C5832D00DB0F4D /* WifiSetupViewController.swift */; };
		7F43E8AF22D1532600F1C087 /* WifiSetViewController.swift in Sources */ = {isa = PBXBuildFile; fileRef = 7F43E8AE22D1532600F1C087 /* WifiSetViewController.swift */; };
		7F43E8B122D1585E00F1C087 /* AppFileManager.swift in Sources */ = {isa = PBXBuildFile; fileRef = 7F43E8B022D1585E00F1C087 /* AppFileManager.swift */; };
		7F43E8B322D28B7200F1C087 /* Preferences.swift in Sources */ = {isa = PBXBuildFile; fileRef = 7F43E8B222D28B7200F1C087 /* Preferences.swift */; };
		7F43E8B722D28C3000F1C087 /* TransportType.swift in Sources */ = {isa = PBXBuildFile; fileRef = 7F43E8B622D28C3000F1C087 /* TransportType.swift */; };
		7F6E94A122D4B6F400643238 /* PreferencesDelegate.swift in Sources */ = {isa = PBXBuildFile; fileRef = 7F6E94A022D4B6F400643238 /* PreferencesDelegate.swift */; };
		7F9485B422C4B0D000F027A4 /* AppDelegate.swift in Sources */ = {isa = PBXBuildFile; fileRef = 7F9485B322C4B0D000F027A4 /* AppDelegate.swift */; };
		7F9485BE22C4B0D100F027A4 /* LaunchScreen.storyboard in Resources */ = {isa = PBXBuildFile; fileRef = 7F9485BC22C4B0D100F027A4 /* LaunchScreen.storyboard */; };
		7F9485C822C4B86E00F027A4 /* AppStoryboard.swift in Sources */ = {isa = PBXBuildFile; fileRef = 7F9485C722C4B86E00F027A4 /* AppStoryboard.swift */; };
		7F9485CA22C4B8B900F027A4 /* UiViewControllerStoryboardExtended.swift in Sources */ = {isa = PBXBuildFile; fileRef = 7F9485C922C4B8B900F027A4 /* UiViewControllerStoryboardExtended.swift */; };
		7F9485D022C4BB9100F027A4 /* Home.storyboard in Resources */ = {isa = PBXBuildFile; fileRef = 7F9485CF22C4BB9100F027A4 /* Home.storyboard */; };
		7F9485D222C4BBA300F027A4 /* HomePreferencesController.swift in Sources */ = {isa = PBXBuildFile; fileRef = 7F9485D122C4BBA300F027A4 /* HomePreferencesController.swift */; };
		7F9485D922C4C00700F027A4 /* Configuration.storyboard in Resources */ = {isa = PBXBuildFile; fileRef = 7F9485D822C4C00700F027A4 /* Configuration.storyboard */; };
		7F9485DB22C4C04900F027A4 /* ConfigurationViewController.swift in Sources */ = {isa = PBXBuildFile; fileRef = 7F9485DA22C4C04900F027A4 /* ConfigurationViewController.swift */; };
		7F9485DD22C4C2D000F027A4 /* SearchErisedViewController.swift in Sources */ = {isa = PBXBuildFile; fileRef = 7F9485DC22C4C2D000F027A4 /* SearchErisedViewController.swift */; };
		7F97AA3822D478B0008FA400 /* GoogleService-Info.plist in Resources */ = {isa = PBXBuildFile; fileRef = 7F97AA3722D478AF008FA400 /* GoogleService-Info.plist */; };
		7FBC185622D7E06100466DC7 /* AddressManager.swift in Sources */ = {isa = PBXBuildFile; fileRef = 7FBC185522D7E06100466DC7 /* AddressManager.swift */; };
		7FD8E7C322D3E86A00B16F46 /* UIColor+Extension.swift in Sources */ = {isa = PBXBuildFile; fileRef = 7FD8E7C222D3E86A00B16F46 /* UIColor+Extension.swift */; };
		7FD8E7C522D3F95D00B16F46 /* HomeViewController.swift in Sources */ = {isa = PBXBuildFile; fileRef = 7FD8E7C422D3F95D00B16F46 /* HomeViewController.swift */; };
		7FD8E7C722D40F4300B16F46 /* HomeProfileViewController.swift in Sources */ = {isa = PBXBuildFile; fileRef = 7FD8E7C622D40F4300B16F46 /* HomeProfileViewController.swift */; };
		7FDE306022DE312D008A5FA6 /* bluetooth-connecting.json in Resources */ = {isa = PBXBuildFile; fileRef = 7FDE305F22DE312D008A5FA6 /* bluetooth-connecting.json */; };
		C679A530FEA7322DDCC391FB /* Pods_Erised.framework in Frameworks */ = {isa = PBXBuildFile; fileRef = B37313BBA390A2CCB5E50214 /* Pods_Erised.framework */; };
/* End PBXBuildFile section */

/* Begin PBXFileReference section */
		163B728DBB3215B164B6DB6C /* Pods-Erised.debug.xcconfig */ = {isa = PBXFileReference; includeInIndex = 1; lastKnownFileType = text.xcconfig; name = "Pods-Erised.debug.xcconfig"; path = "Target Support Files/Pods-Erised/Pods-Erised.debug.xcconfig"; sourceTree = "<group>"; };
		7F042C7C22D63299002BB7FA /* Service.swift */ = {isa = PBXFileReference; lastKnownFileType = sourcecode.swift; path = Service.swift; sourceTree = "<group>"; };
		7F218D8722E1D2E0001ECA57 /* News.swift */ = {isa = PBXFileReference; lastKnownFileType = sourcecode.swift; path = News.swift; sourceTree = "<group>"; };
		7F218D8922E1D34E001ECA57 /* NewsList.swift */ = {isa = PBXFileReference; lastKnownFileType = sourcecode.swift; path = NewsList.swift; sourceTree = "<group>"; };
		7F236DA922DCA1060044BF84 /* LaunchViewController.swift */ = {isa = PBXFileReference; lastKnownFileType = sourcecode.swift; path = LaunchViewController.swift; sourceTree = "<group>"; };
		7F236DAA22DCA1060044BF84 /* LaunchViewController.xib */ = {isa = PBXFileReference; lastKnownFileType = file.xib; path = LaunchViewController.xib; sourceTree = "<group>"; };
		7F33289B22C5789000DB0F4D /* Assets.xcassets */ = {isa = PBXFileReference; lastKnownFileType = folder.assetcatalog; path = Assets.xcassets; sourceTree = "<group>"; };
		7F33289D22C5832D00DB0F4D /* WifiSetupViewController.swift */ = {isa = PBXFileReference; lastKnownFileType = sourcecode.swift; path = WifiSetupViewController.swift; sourceTree = "<group>"; };
		7F43E8AE22D1532600F1C087 /* WifiSetViewController.swift */ = {isa = PBXFileReference; lastKnownFileType = sourcecode.swift; path = WifiSetViewController.swift; sourceTree = "<group>"; };
		7F43E8B022D1585E00F1C087 /* AppFileManager.swift */ = {isa = PBXFileReference; lastKnownFileType = sourcecode.swift; path = AppFileManager.swift; sourceTree = "<group>"; };
		7F43E8B222D28B7200F1C087 /* Preferences.swift */ = {isa = PBXFileReference; lastKnownFileType = sourcecode.swift; path = Preferences.swift; sourceTree = "<group>"; };
		7F43E8B622D28C3000F1C087 /* TransportType.swift */ = {isa = PBXFileReference; lastKnownFileType = sourcecode.swift; path = TransportType.swift; sourceTree = "<group>"; };
		7F6E94A022D4B6F400643238 /* PreferencesDelegate.swift */ = {isa = PBXFileReference; lastKnownFileType = sourcecode.swift; path = PreferencesDelegate.swift; sourceTree = "<group>"; };
		7F9485B022C4B0D000F027A4 /* Erised.app */ = {isa = PBXFileReference; explicitFileType = wrapper.application; includeInIndex = 0; path = Erised.app; sourceTree = BUILT_PRODUCTS_DIR; };
		7F9485B322C4B0D000F027A4 /* AppDelegate.swift */ = {isa = PBXFileReference; lastKnownFileType = sourcecode.swift; path = AppDelegate.swift; sourceTree = "<group>"; };
		7F9485BD22C4B0D100F027A4 /* Base */ = {isa = PBXFileReference; lastKnownFileType = file.storyboard; name = Base; path = Base.lproj/LaunchScreen.storyboard; sourceTree = "<group>"; };
		7F9485BF22C4B0D100F027A4 /* Info.plist */ = {isa = PBXFileReference; lastKnownFileType = text.plist.xml; path = Info.plist; sourceTree = "<group>"; };
		7F9485C722C4B86E00F027A4 /* AppStoryboard.swift */ = {isa = PBXFileReference; fileEncoding = 4; lastKnownFileType = sourcecode.swift; path = AppStoryboard.swift; sourceTree = "<group>"; };
		7F9485C922C4B8B900F027A4 /* UiViewControllerStoryboardExtended.swift */ = {isa = PBXFileReference; fileEncoding = 4; lastKnownFileType = sourcecode.swift; path = UiViewControllerStoryboardExtended.swift; sourceTree = "<group>"; };
		7F9485CF22C4BB9100F027A4 /* Home.storyboard */ = {isa = PBXFileReference; lastKnownFileType = file.storyboard; path = Home.storyboard; sourceTree = "<group>"; };
		7F9485D122C4BBA300F027A4 /* HomePreferencesController.swift */ = {isa = PBXFileReference; lastKnownFileType = sourcecode.swift; path = HomePreferencesController.swift; sourceTree = "<group>"; };
		7F9485D822C4C00700F027A4 /* Configuration.storyboard */ = {isa = PBXFileReference; lastKnownFileType = file.storyboard; path = Configuration.storyboard; sourceTree = "<group>"; };
		7F9485DA22C4C04900F027A4 /* ConfigurationViewController.swift */ = {isa = PBXFileReference; lastKnownFileType = sourcecode.swift; path = ConfigurationViewController.swift; sourceTree = "<group>"; };
		7F9485DC22C4C2D000F027A4 /* SearchErisedViewController.swift */ = {isa = PBXFileReference; lastKnownFileType = sourcecode.swift; path = SearchErisedViewController.swift; sourceTree = "<group>"; };
		7F97AA3722D478AF008FA400 /* GoogleService-Info.plist */ = {isa = PBXFileReference; fileEncoding = 4; lastKnownFileType = text.plist.xml; path = "GoogleService-Info.plist"; sourceTree = "<group>"; };
		7FBC185522D7E06100466DC7 /* AddressManager.swift */ = {isa = PBXFileReference; lastKnownFileType = sourcecode.swift; path = AddressManager.swift; sourceTree = "<group>"; };
		7FD8E7C222D3E86A00B16F46 /* UIColor+Extension.swift */ = {isa = PBXFileReference; lastKnownFileType = sourcecode.swift; path = "UIColor+Extension.swift"; sourceTree = "<group>"; };
		7FD8E7C422D3F95D00B16F46 /* HomeViewController.swift */ = {isa = PBXFileReference; lastKnownFileType = sourcecode.swift; path = HomeViewController.swift; sourceTree = "<group>"; };
		7FD8E7C622D40F4300B16F46 /* HomeProfileViewController.swift */ = {isa = PBXFileReference; lastKnownFileType = sourcecode.swift; path = HomeProfileViewController.swift; sourceTree = "<group>"; };
		7FDE305F22DE312D008A5FA6 /* bluetooth-connecting.json */ = {isa = PBXFileReference; fileEncoding = 4; lastKnownFileType = text.json; path = "bluetooth-connecting.json"; sourceTree = "<group>"; };
		B37313BBA390A2CCB5E50214 /* Pods_Erised.framework */ = {isa = PBXFileReference; explicitFileType = wrapper.framework; includeInIndex = 0; path = Pods_Erised.framework; sourceTree = BUILT_PRODUCTS_DIR; };
		E7854FE6D14B6E5AB3C52C90 /* Pods-Erised.release.xcconfig */ = {isa = PBXFileReference; includeInIndex = 1; lastKnownFileType = text.xcconfig; name = "Pods-Erised.release.xcconfig"; path = "Target Support Files/Pods-Erised/Pods-Erised.release.xcconfig"; sourceTree = "<group>"; };
/* End PBXFileReference section */

/* Begin PBXFrameworksBuildPhase section */
		7F9485AD22C4B0D000F027A4 /* Frameworks */ = {
			isa = PBXFrameworksBuildPhase;
			buildActionMask = 2147483647;
			files = (
				C679A530FEA7322DDCC391FB /* Pods_Erised.framework in Frameworks */,
			);
			runOnlyForDeploymentPostprocessing = 0;
		};
/* End PBXFrameworksBuildPhase section */

/* Begin PBXGroup section */
		6D1D8BC4CD9DB7B43AE3039E /* Frameworks */ = {
			isa = PBXGroup;
			children = (
				B37313BBA390A2CCB5E50214 /* Pods_Erised.framework */,
			);
			name = Frameworks;
			sourceTree = "<group>";
		};
		7F042C7B22D63280002BB7FA /* Services */ = {
			isa = PBXGroup;
			children = (
				7F042C7C22D63299002BB7FA /* Service.swift */,
			);
			path = Services;
			sourceTree = "<group>";
		};
		7F9485A722C4B0D000F027A4 = {
			isa = PBXGroup;
			children = (
				7F33289B22C5789000DB0F4D /* Assets.xcassets */,
				7F9485B222C4B0D000F027A4 /* Erised */,
				7F9485B122C4B0D000F027A4 /* Products */,
				D29624766F34727A2FD64F21 /* Pods */,
				6D1D8BC4CD9DB7B43AE3039E /* Frameworks */,
			);
			sourceTree = "<group>";
		};
		7F9485B122C4B0D000F027A4 /* Products */ = {
			isa = PBXGroup;
			children = (
				7F9485B022C4B0D000F027A4 /* Erised.app */,
			);
			name = Products;
			sourceTree = "<group>";
		};
		7F9485B222C4B0D000F027A4 /* Erised */ = {
			isa = PBXGroup;
			children = (
				7FDE305F22DE312D008A5FA6 /* bluetooth-connecting.json */,
				7F042C7B22D63280002BB7FA /* Services */,
				7F9485CD22C4B9B600F027A4 /* Models */,
				7F9485C622C4B85B00F027A4 /* Stories */,
				7F9485C522C4B85100F027A4 /* Utils */,
				7F9485B322C4B0D000F027A4 /* AppDelegate.swift */,
				7F9485BC22C4B0D100F027A4 /* LaunchScreen.storyboard */,
				7F9485BF22C4B0D100F027A4 /* Info.plist */,
				7F97AA3722D478AF008FA400 /* GoogleService-Info.plist */,
			);
			path = Erised;
			sourceTree = "<group>";
		};
		7F9485C522C4B85100F027A4 /* Utils */ = {
			isa = PBXGroup;
			children = (
				7F9485C922C4B8B900F027A4 /* UiViewControllerStoryboardExtended.swift */,
				7F9485C722C4B86E00F027A4 /* AppStoryboard.swift */,
				7F43E8B022D1585E00F1C087 /* AppFileManager.swift */,
				7FD8E7C222D3E86A00B16F46 /* UIColor+Extension.swift */,
				7FBC185522D7E06100466DC7 /* AddressManager.swift */,
				7F236DA922DCA1060044BF84 /* LaunchViewController.swift */,
				7F236DAA22DCA1060044BF84 /* LaunchViewController.xib */,
			);
			path = Utils;
			sourceTree = "<group>";
		};
		7F9485C622C4B85B00F027A4 /* Stories */ = {
			isa = PBXGroup;
			children = (
				7F9485D722C4BFF400F027A4 /* Configuration */,
				7F9485CE22C4BB8200F027A4 /* Home */,
			);
			path = Stories;
			sourceTree = "<group>";
		};
		7F9485CD22C4B9B600F027A4 /* Models */ = {
			isa = PBXGroup;
			children = (
				7F43E8B222D28B7200F1C087 /* Preferences.swift */,
				7F43E8B622D28C3000F1C087 /* TransportType.swift */,
				7F218D8722E1D2E0001ECA57 /* News.swift */,
				7F218D8922E1D34E001ECA57 /* NewsList.swift */,
			);
			path = Models;
			sourceTree = "<group>";
		};
		7F9485CE22C4BB8200F027A4 /* Home */ = {
			isa = PBXGroup;
			children = (
				7F9485CF22C4BB9100F027A4 /* Home.storyboard */,
				7F9485D122C4BBA300F027A4 /* HomePreferencesController.swift */,
				7FD8E7C622D40F4300B16F46 /* HomeProfileViewController.swift */,
				7FD8E7C422D3F95D00B16F46 /* HomeViewController.swift */,
				7F6E94A022D4B6F400643238 /* PreferencesDelegate.swift */,
			);
			path = Home;
			sourceTree = "<group>";
		};
		7F9485D722C4BFF400F027A4 /* Configuration */ = {
			isa = PBXGroup;
			children = (
				7F9485D822C4C00700F027A4 /* Configuration.storyboard */,
				7F9485DA22C4C04900F027A4 /* ConfigurationViewController.swift */,
				7F9485DC22C4C2D000F027A4 /* SearchErisedViewController.swift */,
				7F33289D22C5832D00DB0F4D /* WifiSetupViewController.swift */,
				7F43E8AE22D1532600F1C087 /* WifiSetViewController.swift */,
			);
			path = Configuration;
			sourceTree = "<group>";
		};
		D29624766F34727A2FD64F21 /* Pods */ = {
			isa = PBXGroup;
			children = (
				163B728DBB3215B164B6DB6C /* Pods-Erised.debug.xcconfig */,
				E7854FE6D14B6E5AB3C52C90 /* Pods-Erised.release.xcconfig */,
			);
			path = Pods;
			sourceTree = "<group>";
		};
/* End PBXGroup section */

/* Begin PBXNativeTarget section */
		7F9485AF22C4B0D000F027A4 /* Erised */ = {
			isa = PBXNativeTarget;
			buildConfigurationList = 7F9485C222C4B0D100F027A4 /* Build configuration list for PBXNativeTarget "Erised" */;
			buildPhases = (
				294BCBEEE4439AAB1A0CE5AA /* [CP] Check Pods Manifest.lock */,
				7F9485AC22C4B0D000F027A4 /* Sources */,
				7F9485AD22C4B0D000F027A4 /* Frameworks */,
				7F9485AE22C4B0D000F027A4 /* Resources */,
				135CA53F0ECF689A73D73710 /* [CP] Embed Pods Frameworks */,
			);
			buildRules = (
			);
			dependencies = (
			);
			name = Erised;
			productName = Erised;
			productReference = 7F9485B022C4B0D000F027A4 /* Erised.app */;
			productType = "com.apple.product-type.application";
		};
/* End PBXNativeTarget section */

/* Begin PBXProject section */
		7F9485A822C4B0D000F027A4 /* Project object */ = {
			isa = PBXProject;
			attributes = {
				LastSwiftUpdateCheck = 1020;
				LastUpgradeCheck = 1020;
				ORGANIZATIONNAME = "David Linhares";
				TargetAttributes = {
					7F9485AF22C4B0D000F027A4 = {
						CreatedOnToolsVersion = 10.2.1;
					};
				};
			};
			buildConfigurationList = 7F9485AB22C4B0D000F027A4 /* Build configuration list for PBXProject "Erised" */;
			compatibilityVersion = "Xcode 9.3";
			developmentRegion = en;
			hasScannedForEncodings = 0;
			knownRegions = (
				en,
				Base,
			);
			mainGroup = 7F9485A722C4B0D000F027A4;
			productRefGroup = 7F9485B122C4B0D000F027A4 /* Products */;
			projectDirPath = "";
			projectRoot = "";
			targets = (
				7F9485AF22C4B0D000F027A4 /* Erised */,
			);
		};
/* End PBXProject section */

/* Begin PBXResourcesBuildPhase section */
		7F9485AE22C4B0D000F027A4 /* Resources */ = {
			isa = PBXResourcesBuildPhase;
			buildActionMask = 2147483647;
			files = (
				7F9485D022C4BB9100F027A4 /* Home.storyboard in Resources */,
				7F9485BE22C4B0D100F027A4 /* LaunchScreen.storyboard in Resources */,
				7F97AA3822D478B0008FA400 /* GoogleService-Info.plist in Resources */,
				7FDE306022DE312D008A5FA6 /* bluetooth-connecting.json in Resources */,
				7F236DAC22DCA1060044BF84 /* LaunchViewController.xib in Resources */,
				7F33289C22C5789000DB0F4D /* Assets.xcassets in Resources */,
				7F9485D922C4C00700F027A4 /* Configuration.storyboard in Resources */,
			);
			runOnlyForDeploymentPostprocessing = 0;
		};
/* End PBXResourcesBuildPhase section */

/* Begin PBXShellScriptBuildPhase section */
		135CA53F0ECF689A73D73710 /* [CP] Embed Pods Frameworks */ = {
			isa = PBXShellScriptBuildPhase;
			buildActionMask = 2147483647;
			files = (
			);
			inputFileListPaths = (
			);
			inputPaths = (
				"${PODS_ROOT}/Target Support Files/Pods-Erised/Pods-Erised-frameworks.sh",
				"${BUILT_PRODUCTS_DIR}/Alamofire/Alamofire.framework",
				"${BUILT_PRODUCTS_DIR}/lottie-ios/Lottie.framework",
			);
			name = "[CP] Embed Pods Frameworks";
			outputFileListPaths = (
			);
			outputPaths = (
				"${TARGET_BUILD_DIR}/${FRAMEWORKS_FOLDER_PATH}/Alamofire.framework",
				"${TARGET_BUILD_DIR}/${FRAMEWORKS_FOLDER_PATH}/Lottie.framework",
			);
			runOnlyForDeploymentPostprocessing = 0;
			shellPath = /bin/sh;
			shellScript = "\"${PODS_ROOT}/Target Support Files/Pods-Erised/Pods-Erised-frameworks.sh\"\n";
			showEnvVarsInLog = 0;
		};
		294BCBEEE4439AAB1A0CE5AA /* [CP] Check Pods Manifest.lock */ = {
			isa = PBXShellScriptBuildPhase;
			buildActionMask = 2147483647;
			files = (
			);
			inputFileListPaths = (
			);
			inputPaths = (
				"${PODS_PODFILE_DIR_PATH}/Podfile.lock",
				"${PODS_ROOT}/Manifest.lock",
			);
			name = "[CP] Check Pods Manifest.lock";
			outputFileListPaths = (
			);
			outputPaths = (
				"$(DERIVED_FILE_DIR)/Pods-Erised-checkManifestLockResult.txt",
			);
			runOnlyForDeploymentPostprocessing = 0;
			shellPath = /bin/sh;
			shellScript = "diff \"${PODS_PODFILE_DIR_PATH}/Podfile.lock\" \"${PODS_ROOT}/Manifest.lock\" > /dev/null\nif [ $? != 0 ] ; then\n    # print error to STDERR\n    echo \"error: The sandbox is not in sync with the Podfile.lock. Run 'pod install' or update your CocoaPods installation.\" >&2\n    exit 1\nfi\n# This output is used by Xcode 'outputs' to avoid re-running this script phase.\necho \"SUCCESS\" > \"${SCRIPT_OUTPUT_FILE_0}\"\n";
			showEnvVarsInLog = 0;
		};
/* End PBXShellScriptBuildPhase section */

/* Begin PBXSourcesBuildPhase section */
		7F9485AC22C4B0D000F027A4 /* Sources */ = {
			isa = PBXSourcesBuildPhase;
			buildActionMask = 2147483647;
			files = (
				7F43E8AF22D1532600F1C087 /* WifiSetViewController.swift in Sources */,
				7F6E94A122D4B6F400643238 /* PreferencesDelegate.swift in Sources */,
				7F43E8B122D1585E00F1C087 /* AppFileManager.swift in Sources */,
				7F43E8B322D28B7200F1C087 /* Preferences.swift in Sources */,
				7F9485C822C4B86E00F027A4 /* AppStoryboard.swift in Sources */,
				7FD8E7C722D40F4300B16F46 /* HomeProfileViewController.swift in Sources */,
				7F218D8A22E1D34E001ECA57 /* NewsList.swift in Sources */,
				7F218D8822E1D2E0001ECA57 /* News.swift in Sources */,
				7F9485CA22C4B8B900F027A4 /* UiViewControllerStoryboardExtended.swift in Sources */,
				7F236DAB22DCA1060044BF84 /* LaunchViewController.swift in Sources */,
				7FD8E7C522D3F95D00B16F46 /* HomeViewController.swift in Sources */,
				7F9485B422C4B0D000F027A4 /* AppDelegate.swift in Sources */,
				7F33289E22C5832D00DB0F4D /* WifiSetupViewController.swift in Sources */,
				7FBC185622D7E06100466DC7 /* AddressManager.swift in Sources */,
				7F9485DB22C4C04900F027A4 /* ConfigurationViewController.swift in Sources */,
				7F042C7D22D63299002BB7FA /* Service.swift in Sources */,
				7F9485DD22C4C2D000F027A4 /* SearchErisedViewController.swift in Sources */,
				7F43E8B722D28C3000F1C087 /* TransportType.swift in Sources */,
				7FD8E7C322D3E86A00B16F46 /* UIColor+Extension.swift in Sources */,
				7F9485D222C4BBA300F027A4 /* HomePreferencesController.swift in Sources */,
			);
			runOnlyForDeploymentPostprocessing = 0;
		};
/* End PBXSourcesBuildPhase section */

/* Begin PBXVariantGroup section */
		7F9485BC22C4B0D100F027A4 /* LaunchScreen.storyboard */ = {
			isa = PBXVariantGroup;
			children = (
				7F9485BD22C4B0D100F027A4 /* Base */,
			);
			name = LaunchScreen.storyboard;
			sourceTree = "<group>";
		};
/* End PBXVariantGroup section */

/* Begin XCBuildConfiguration section */
		7F9485C022C4B0D100F027A4 /* Debug */ = {
			isa = XCBuildConfiguration;
			buildSettings = {
				ALWAYS_SEARCH_USER_PATHS = NO;
				CLANG_ANALYZER_NONNULL = YES;
				CLANG_ANALYZER_NUMBER_OBJECT_CONVERSION = YES_AGGRESSIVE;
				CLANG_CXX_LANGUAGE_STANDARD = "gnu++14";
				CLANG_CXX_LIBRARY = "libc++";
				CLANG_ENABLE_MODULES = YES;
				CLANG_ENABLE_OBJC_ARC = YES;
				CLANG_ENABLE_OBJC_WEAK = YES;
				CLANG_WARN_BLOCK_CAPTURE_AUTORELEASING = YES;
				CLANG_WARN_BOOL_CONVERSION = YES;
				CLANG_WARN_COMMA = YES;
				CLANG_WARN_CONSTANT_CONVERSION = YES;
				CLANG_WARN_DEPRECATED_OBJC_IMPLEMENTATIONS = YES;
				CLANG_WARN_DIRECT_OBJC_ISA_USAGE = YES_ERROR;
				CLANG_WARN_DOCUMENTATION_COMMENTS = YES;
				CLANG_WARN_EMPTY_BODY = YES;
				CLANG_WARN_ENUM_CONVERSION = YES;
				CLANG_WARN_INFINITE_RECURSION = YES;
				CLANG_WARN_INT_CONVERSION = YES;
				CLANG_WARN_NON_LITERAL_NULL_CONVERSION = YES;
				CLANG_WARN_OBJC_IMPLICIT_RETAIN_SELF = YES;
				CLANG_WARN_OBJC_LITERAL_CONVERSION = YES;
				CLANG_WARN_OBJC_ROOT_CLASS = YES_ERROR;
				CLANG_WARN_RANGE_LOOP_ANALYSIS = YES;
				CLANG_WARN_STRICT_PROTOTYPES = YES;
				CLANG_WARN_SUSPICIOUS_MOVE = YES;
				CLANG_WARN_UNGUARDED_AVAILABILITY = YES_AGGRESSIVE;
				CLANG_WARN_UNREACHABLE_CODE = YES;
				CLANG_WARN__DUPLICATE_METHOD_MATCH = YES;
				CODE_SIGN_IDENTITY = "iPhone Developer";
				COPY_PHASE_STRIP = NO;
				DEBUG_INFORMATION_FORMAT = dwarf;
				ENABLE_STRICT_OBJC_MSGSEND = YES;
				ENABLE_TESTABILITY = YES;
				GCC_C_LANGUAGE_STANDARD = gnu11;
				GCC_DYNAMIC_NO_PIC = NO;
				GCC_NO_COMMON_BLOCKS = YES;
				GCC_OPTIMIZATION_LEVEL = 0;
				GCC_PREPROCESSOR_DEFINITIONS = (
					"DEBUG=1",
					"$(inherited)",
				);
				GCC_WARN_64_TO_32_BIT_CONVERSION = YES;
				GCC_WARN_ABOUT_RETURN_TYPE = YES_ERROR;
				GCC_WARN_UNDECLARED_SELECTOR = YES;
				GCC_WARN_UNINITIALIZED_AUTOS = YES_AGGRESSIVE;
				GCC_WARN_UNUSED_FUNCTION = YES;
				GCC_WARN_UNUSED_VARIABLE = YES;
				IPHONEOS_DEPLOYMENT_TARGET = 12.2;
				MTL_ENABLE_DEBUG_INFO = INCLUDE_SOURCE;
				MTL_FAST_MATH = YES;
				ONLY_ACTIVE_ARCH = YES;
				SDKROOT = iphoneos;
				SWIFT_ACTIVE_COMPILATION_CONDITIONS = DEBUG;
				SWIFT_OPTIMIZATION_LEVEL = "-Onone";
			};
			name = Debug;
		};
		7F9485C122C4B0D100F027A4 /* Release */ = {
			isa = XCBuildConfiguration;
			buildSettings = {
				ALWAYS_SEARCH_USER_PATHS = NO;
				CLANG_ANALYZER_NONNULL = YES;
				CLANG_ANALYZER_NUMBER_OBJECT_CONVERSION = YES_AGGRESSIVE;
				CLANG_CXX_LANGUAGE_STANDARD = "gnu++14";
				CLANG_CXX_LIBRARY = "libc++";
				CLANG_ENABLE_MODULES = YES;
				CLANG_ENABLE_OBJC_ARC = YES;
				CLANG_ENABLE_OBJC_WEAK = YES;
				CLANG_WARN_BLOCK_CAPTURE_AUTORELEASING = YES;
				CLANG_WARN_BOOL_CONVERSION = YES;
				CLANG_WARN_COMMA = YES;
				CLANG_WARN_CONSTANT_CONVERSION = YES;
				CLANG_WARN_DEPRECATED_OBJC_IMPLEMENTATIONS = YES;
				CLANG_WARN_DIRECT_OBJC_ISA_USAGE = YES_ERROR;
				CLANG_WARN_DOCUMENTATION_COMMENTS = YES;
				CLANG_WARN_EMPTY_BODY = YES;
				CLANG_WARN_ENUM_CONVERSION = YES;
				CLANG_WARN_INFINITE_RECURSION = YES;
				CLANG_WARN_INT_CONVERSION = YES;
				CLANG_WARN_NON_LITERAL_NULL_CONVERSION = YES;
				CLANG_WARN_OBJC_IMPLICIT_RETAIN_SELF = YES;
				CLANG_WARN_OBJC_LITERAL_CONVERSION = YES;
				CLANG_WARN_OBJC_ROOT_CLASS = YES_ERROR;
				CLANG_WARN_RANGE_LOOP_ANALYSIS = YES;
				CLANG_WARN_STRICT_PROTOTYPES = YES;
				CLANG_WARN_SUSPICIOUS_MOVE = YES;
				CLANG_WARN_UNGUARDED_AVAILABILITY = YES_AGGRESSIVE;
				CLANG_WARN_UNREACHABLE_CODE = YES;
				CLANG_WARN__DUPLICATE_METHOD_MATCH = YES;
				CODE_SIGN_IDENTITY = "iPhone Developer";
				COPY_PHASE_STRIP = NO;
				DEBUG_INFORMATION_FORMAT = "dwarf-with-dsym";
				ENABLE_NS_ASSERTIONS = NO;
				ENABLE_STRICT_OBJC_MSGSEND = YES;
				GCC_C_LANGUAGE_STANDARD = gnu11;
				GCC_NO_COMMON_BLOCKS = YES;
				GCC_WARN_64_TO_32_BIT_CONVERSION = YES;
				GCC_WARN_ABOUT_RETURN_TYPE = YES_ERROR;
				GCC_WARN_UNDECLARED_SELECTOR = YES;
				GCC_WARN_UNINITIALIZED_AUTOS = YES_AGGRESSIVE;
				GCC_WARN_UNUSED_FUNCTION = YES;
				GCC_WARN_UNUSED_VARIABLE = YES;
				IPHONEOS_DEPLOYMENT_TARGET = 12.2;
				MTL_ENABLE_DEBUG_INFO = NO;
				MTL_FAST_MATH = YES;
				SDKROOT = iphoneos;
				SWIFT_COMPILATION_MODE = wholemodule;
				SWIFT_OPTIMIZATION_LEVEL = "-O";
				VALIDATE_PRODUCT = YES;
			};
			name = Release;
		};
		7F9485C322C4B0D100F027A4 /* Debug */ = {
			isa = XCBuildConfiguration;
			baseConfigurationReference = 163B728DBB3215B164B6DB6C /* Pods-Erised.debug.xcconfig */;
			buildSettings = {
				ASSETCATALOG_COMPILER_APPICON_NAME = AppIcon;
				ASSETCATALOG_COMPILER_LAUNCHIMAGE_NAME = LaunchImage;
				CODE_SIGN_STYLE = Automatic;
				DEVELOPMENT_TEAM = 84XD67HCB2;
				INFOPLIST_FILE = Erised/Info.plist;
				LD_RUNPATH_SEARCH_PATHS = (
					"$(inherited)",
					"@executable_path/Frameworks",
				);
				PRODUCT_BUNDLE_IDENTIFIER = D.Erised;
				PRODUCT_NAME = "$(TARGET_NAME)";
				SWIFT_VERSION = 5.0;
				TARGETED_DEVICE_FAMILY = "1,2";
			};
			name = Debug;
		};
		7F9485C422C4B0D100F027A4 /* Release */ = {
			isa = XCBuildConfiguration;
			baseConfigurationReference = E7854FE6D14B6E5AB3C52C90 /* Pods-Erised.release.xcconfig */;
			buildSettings = {
				ASSETCATALOG_COMPILER_APPICON_NAME = AppIcon;
				ASSETCATALOG_COMPILER_LAUNCHIMAGE_NAME = LaunchImage;
				CODE_SIGN_STYLE = Automatic;
				DEVELOPMENT_TEAM = 84XD67HCB2;
				INFOPLIST_FILE = Erised/Info.plist;
				LD_RUNPATH_SEARCH_PATHS = (
					"$(inherited)",
					"@executable_path/Frameworks",
				);
				PRODUCT_BUNDLE_IDENTIFIER = D.Erised;
				PRODUCT_NAME = "$(TARGET_NAME)";
				SWIFT_VERSION = 5.0;
				TARGETED_DEVICE_FAMILY = "1,2";
			};
			name = Release;
		};
/* End XCBuildConfiguration section */

/* Begin XCConfigurationList section */
		7F9485AB22C4B0D000F027A4 /* Build configuration list for PBXProject "Erised" */ = {
			isa = XCConfigurationList;
			buildConfigurations = (
				7F9485C022C4B0D100F027A4 /* Debug */,
				7F9485C122C4B0D100F027A4 /* Release */,
			);
			defaultConfigurationIsVisible = 0;
			defaultConfigurationName = Release;
		};
		7F9485C222C4B0D100F027A4 /* Build configuration list for PBXNativeTarget "Erised" */ = {
			isa = XCConfigurationList;
			buildConfigurations = (
				7F9485C322C4B0D100F027A4 /* Debug */,
				7F9485C422C4B0D100F027A4 /* Release */,
			);
			defaultConfigurationIsVisible = 0;
			defaultConfigurationName = Release;
		};
/* End XCConfigurationList section */
	};
	rootObject = 7F9485A822C4B0D000F027A4 /* Project object */;
}
